{
  "nodes": {
    "devenv": {
      "locked": {
        "dir": "src/modules",
        "lastModified": 1784758116,
        "narHash": "sha256-vcjRSkJHM5/2rLmtCZBhms/WDJpyPNXW9Gi6xeSfc/Y=",
        "owner": "cachix",
        "repo": "devenv",
        "rev": "9767a1f458fbd99b487dbb600a130917d4cd2b13",
        "type": "github"
      },
      "original": {
        "dir": "src/modules",
        "owner": "cachix",
        "repo": "devenv",
        "type": "github"
      }
    },
    "nixpkgs": {
      "inputs": {
        "nixpkgs-src": "nixpkgs-src"
      },
      "locked": {
        "lastModified": 1783345554,
        "narHash": "sha256-LZhOm4kqjHUnwP4CNHpaqqEVcumGNd1PvOEOad8LkS0=",
        "owner": "cachix",
        "repo": "devenv-nixpkgs",
        "rev": "6004ea8c229fe9d41b21c6f4c76bf6c2e10771dd",
        "type": "github"
      },
      "original": {
        "owner": "cachix",
        "ref": "rolling",
        "repo": "devenv-nixpkgs",
        "type": "github"
      }
    },
    "nixpkgs-src": {
      "flake": false,
      "locked": {
        "lastModified": 1783279667,
        "narHash": "sha256-/NAkDSsve+GNM0Bt6tleJdCGfsTlK89nPjkVOzZMo0s=",
        "owner": "NixOS",
        "repo": "nixpkgs",
        "rev": "f205b5574fd0cb7da5b702a2da51507b7f4fdd1b",
        "type": "github"
      },
      "original": {
        "owner": "NixOS",
        "ref": "nixpkgs-unstable",
        "repo": "nixpkgs",
        "type": "github"
      }
    },
    "root": {
      "inputs": {
        "devenv": "devenv",
        "nixpkgs": "nixpkgs",
        "rust-overlay": "rust-overlay"
      }
    },
    "rust-overlay": {
      "inputs": {
        "nixpkgs": [
          "nixpkgs"
        ]
      },
      "locked": {
        "lastModified": 1784784641,
        "narHash": "sha256-F8/6twaXdW5dOHgLt1sO62fygfA3aKiYlEmnnIxzpTU=",
        "owner": "oxalica",
        "repo": "rust-overlay",
        "rev": "19a19f3921ae195f2fbd85f5dc57e6d1df63aa0b",
        "type": "github"
      },
      "original": {
        "owner": "oxalica",
        "repo": "rust-overlay",
        "type": "github"
      }
    }
  },
  "root": "root",
  "version": 7
}